
Microsoft Visual Studio Solution File, Format Version 12.00
# Visual Studio 14
VisualStudioVersion = 14.0.25420.1
MinimumVisualStudioVersion = 10.0.40219.1
Project("{FAE04EC0-301F-11D3-BF4B-00C04F79EFBC}") = "BK", "BK\BK.csproj", "{C3F62F2B-5ED5-4C9C-A30E-A69156421A80}"
EndProject
Project("{00D1A9C2-B5F0-4AF3-8072-F6C62B433612}") = "BK-Data", "BK-Data\BK-Data.sqlproj", "{2CB296A4-6DEF-437F-A375-5D79977247C7}"
EndProject
Global
	GlobalSection(SolutionConfigurationPlatforms) = preSolution
		Debug|Any CPU = Debug|Any CPU
		Release|Any CPU = Release|Any CPU
	EndGlobalSection
	GlobalSection(ProjectConfigurationPlatforms) = postSolution
		{C3F62F2B-5ED5-4C9C-A30E-A69156421A80}.Debug|Any CPU.ActiveCfg = Debug|Any CPU
		{C3F62F2B-5ED5-4C9C-A30E-A69156421A80}.Debug|Any CPU.Build.0 = Debug|Any CPU
		{C3F62F2B-5ED5-4C9C-A30E-A69156421A80}.Release|Any CPU.ActiveCfg = Release|Any CPU
		{C3F62F2B-5ED5-4C9C-A30E-A69156421A80}.Release|Any CPU.Build.0 = Release|Any CPU
		{2CB296A4-6DEF-437F-A375-5D79977247C7}.Debug|Any CPU.ActiveCfg = Debug|Any CPU
		{2CB296A4-6DEF-437F-A375-5D79977247C7}.Debug|Any CPU.Build.0 = Debug|Any CPU
		{2CB296A4-6DEF-437F-A375-5D79977247C7}.Debug|Any CPU.Deploy.0 = Debug|Any CPU
		{2CB296A4-6DEF-437F-A375-5D79977247C7}.Release|Any CPU.ActiveCfg = Release|Any CPU
		{2CB296A4-6DEF-437F-A375-5D79977247C7}.Release|Any CPU.Build.0 = Release|Any CPU
		{2CB296A4-6DEF-437F-A375-5D79977247C7}.Release|Any CPU.Deploy.0 = Release|Any CPU
	EndGlobalSection
	GlobalSection(SolutionProperties) = preSolution
		HideSolutionNode = FALSE
	EndGlobalSection
	GlobalSection(ExtensibilityGlobals) = postSolution
		EnterpriseLibraryConfigurationToolBinariesPathV6 = packages\EnterpriseLibrary.Common.6.0.1304.0\lib\NET45;packages\EnterpriseLibrary.Logging.6.0.1304.0\lib\NET45
	EndGlobalSection
EndGlobal
